
Microsoft Visual Studio Solution File, Format Version 12.00
# Visual Studio Version 17
VisualStudioVersion = 17.9.34701.34
MinimumVisualStudioVersion = 10.0.40219.1
Project("{2150E333-8FDC-42A3-9474-1A3956D46DE8}") = "Core", "Core", "{745AA5ED-5A60-43E4-97DE-705C0D953FE6}"
EndProject
Project("{2150E333-8FDC-42A3-9474-1A3956D46DE8}") = "Frontends", "Frontends", "{7BDCB64E-EE92-4A8C-A55C-63F9BFCE017E}"
EndProject
Project("{2150E333-8FDC-42A3-9474-1A3956D46DE8}") = "Infrastructure", "Infrastructure", "{9643397F-1C94-457C-8CE0-43623A0722D8}"
EndProject
Project("{2150E333-8FDC-42A3-9474-1A3956D46DE8}") = "Presentation", "Presentation", "{C6338A17-70C3-4980-AD76-E8C99AE741BD}"
EndProject
Project("{2150E333-8FDC-42A3-9474-1A3956D46DE8}") = "Requirements", "Requirements", "{4EB0BC81-ED17-4CFD-8CF1-FF44AB08E877}"
EndProject
Project("{FAE04EC0-301F-11D3-BF4B-00C04F79EFBC}") = "MovieApi.Domain", "Core\MovieApi.Domain\MovieApi.Domain.csproj", "{4FDA0CAB-2F34-4527-BCCD-770A8D6710A2}"
EndProject
Project("{FAE04EC0-301F-11D3-BF4B-00C04F79EFBC}") = "MovieApi.Persistence", "Infrastructure\MovieApi.Persistence\MovieApi.Persistence.csproj", "{597AA579-CA48-4416-8FCF-9280598D2783}"
EndProject
Project("{FAE04EC0-301F-11D3-BF4B-00C04F79EFBC}") = "MovieApi.WebApi", "Presentation\MovieApi.WebApi\MovieApi.WebApi.csproj", "{708BC361-97B8-41E4-A179-E46E0766E904}"
EndProject
Project("{FAE04EC0-301F-11D3-BF4B-00C04F79EFBC}") = "MovieApi.Application", "Core\MovieApi.Application\MovieApi.Application.csproj", "{CDBB9E2F-1DD9-4DDD-895F-700891F9A806}"
EndProject
Project("{FAE04EC0-301F-11D3-BF4B-00C04F79EFBC}") = "MovieApi.WebUI", "Frontends\MovieApi.WebUI\MovieApi.WebUI.csproj", "{0195AFD8-18F4-4953-8F80-B9B9C44BF417}"
EndProject
Project("{FAE04EC0-301F-11D3-BF4B-00C04F79EFBC}") = "MoviApi.Dto", "Frontends\MoviApi.Dto\MoviApi.Dto.csproj", "{8B7815AD-E9C6-4D5E-B0EF-E09C863B30B4}"
EndProject
Global
	GlobalSection(SolutionConfigurationPlatforms) = preSolution
		Debug|Any CPU = Debug|Any CPU
		Release|Any CPU = Release|Any CPU
	EndGlobalSection
	GlobalSection(ProjectConfigurationPlatforms) = postSolution
		{4FDA0CAB-2F34-4527-BCCD-770A8D6710A2}.Debug|Any CPU.ActiveCfg = Debug|Any CPU
		{4FDA0CAB-2F34-4527-BCCD-770A8D6710A2}.Debug|Any CPU.Build.0 = Debug|Any CPU
		{4FDA0CAB-2F34-4527-BCCD-770A8D6710A2}.Release|Any CPU.ActiveCfg = Release|Any CPU
		{4FDA0CAB-2F34-4527-BCCD-770A8D6710A2}.Release|Any CPU.Build.0 = Release|Any CPU
		{597AA579-CA48-4416-8FCF-9280598D2783}.Debug|Any CPU.ActiveCfg = Debug|Any CPU
		{597AA579-CA48-4416-8FCF-9280598D2783}.Debug|Any CPU.Build.0 = Debug|Any CPU
		{597AA579-CA48-4416-8FCF-9280598D2783}.Release|Any CPU.ActiveCfg = Release|Any CPU
		{597AA579-CA48-4416-8FCF-9280598D2783}.Release|Any CPU.Build.0 = Release|Any CPU
		{708BC361-97B8-41E4-A179-E46E0766E904}.Debug|Any CPU.ActiveCfg = Debug|Any CPU
		{708BC361-97B8-41E4-A179-E46E0766E904}.Debug|Any CPU.Build.0 = Debug|Any CPU
		{708BC361-97B8-41E4-A179-E46E0766E904}.Release|Any CPU.ActiveCfg = Release|Any CPU
		{708BC361-97B8-41E4-A179-E46E0766E904}.Release|Any CPU.Build.0 = Release|Any CPU
		{CDBB9E2F-1DD9-4DDD-895F-700891F9A806}.Debug|Any CPU.ActiveCfg = Debug|Any CPU
		{CDBB9E2F-1DD9-4DDD-895F-700891F9A806}.Debug|Any CPU.Build.0 = Debug|Any CPU
		{CDBB9E2F-1DD9-4DDD-895F-700891F9A806}.Release|Any CPU.ActiveCfg = Release|Any CPU
		{CDBB9E2F-1DD9-4DDD-895F-700891F9A806}.Release|Any CPU.Build.0 = Release|Any CPU
		{0195AFD8-18F4-4953-8F80-B9B9C44BF417}.Debug|Any CPU.ActiveCfg = Debug|Any CPU
		{0195AFD8-18F4-4953-8F80-B9B9C44BF417}.Debug|Any CPU.Build.0 = Debug|Any CPU
		{0195AFD8-18F4-4953-8F80-B9B9C44BF417}.Release|Any CPU.ActiveCfg = Release|Any CPU
		{0195AFD8-18F4-4953-8F80-B9B9C44BF417}.Release|Any CPU.Build.0 = Release|Any CPU
		{8B7815AD-E9C6-4D5E-B0EF-E09C863B30B4}.Debug|Any CPU.ActiveCfg = Debug|Any CPU
		{8B7815AD-E9C6-4D5E-B0EF-E09C863B30B4}.Debug|Any CPU.Build.0 = Debug|Any CPU
		{8B7815AD-E9C6-4D5E-B0EF-E09C863B30B4}.Release|Any CPU.ActiveCfg = Release|Any CPU
		{8B7815AD-E9C6-4D5E-B0EF-E09C863B30B4}.Release|Any CPU.Build.0 = Release|Any CPU
	EndGlobalSection
	GlobalSection(SolutionProperties) = preSolution
		HideSolutionNode = FALSE
	EndGlobalSection
	GlobalSection(NestedProjects) = preSolution
		{4FDA0CAB-2F34-4527-BCCD-770A8D6710A2} = {745AA5ED-5A60-43E4-97DE-705C0D953FE6}
		{597AA579-CA48-4416-8FCF-9280598D2783} = {9643397F-1C94-457C-8CE0-43623A0722D8}
		{708BC361-97B8-41E4-A179-E46E0766E904} = {C6338A17-70C3-4980-AD76-E8C99AE741BD}
		{CDBB9E2F-1DD9-4DDD-895F-700891F9A806} = {745AA5ED-5A60-43E4-97DE-705C0D953FE6}
		{0195AFD8-18F4-4953-8F80-B9B9C44BF417} = {7BDCB64E-EE92-4A8C-A55C-63F9BFCE017E}
		{8B7815AD-E9C6-4D5E-B0EF-E09C863B30B4} = {7BDCB64E-EE92-4A8C-A55C-63F9BFCE017E}
	EndGlobalSection
	GlobalSection(ExtensibilityGlobals) = postSolution
		SolutionGuid = {58D43A45-6F0B-4EC9-88F1-64C8E900607A}
	EndGlobalSection
EndGlobal
